
Microsoft Visual Studio Solution File, Format Version 12.00
# Visual Studio Version 17
VisualStudioVersion = 17.3.32811.315
MinimumVisualStudioVersion = 10.0.40219.1
Project("{9A19103F-16F7-4668-BE54-9A1E7A4F7556}") = "CC98.Achievement", "CC98.Achievement\CC98.Achievement.csproj", "{702F35D8-922C-447F-B6E0-D731AC687AB1}"
EndProject
Project("{9A19103F-16F7-4668-BE54-9A1E7A4F7556}") = "CC98.Achievement.AppManagement", "CC98.Achievement.AppManagement\CC98.Achievement.AppManagement.csproj", "{36E26338-CC25-4460-A8FA-59A1EB7E0385}"
EndProject
Project("{9A19103F-16F7-4668-BE54-9A1E7A4F7556}") = "CC98.Achievement.Shared", "CC98.Achievement.Shared\CC98.Achievement.Shared.csproj", "{11F54BBB-948A-4826-BFD0-492A87AB625F}"
EndProject
Project("{2150E333-8FDC-42A3-9474-1A3956D46DE8}") = "解决方案项", "解决方案项", "{BDEA3725-4AE8-4D68-BA82-157640DE28CF}"
	ProjectSection(SolutionItems) = preProject
		Directory.Build.props = Directory.Build.props
		nuget.config = nuget.config
	EndProjectSection
EndProject
Global
	GlobalSection(SolutionConfigurationPlatforms) = preSolution
		Debug|Any CPU = Debug|Any CPU
		Release|Any CPU = Release|Any CPU
	EndGlobalSection
	GlobalSection(ProjectConfigurationPlatforms) = postSolution
		{702F35D8-922C-447F-B6E0-D731AC687AB1}.Debug|Any CPU.ActiveCfg = Debug|Any CPU
		{702F35D8-922C-447F-B6E0-D731AC687AB1}.Debug|Any CPU.Build.0 = Debug|Any CPU
		{702F35D8-922C-447F-B6E0-D731AC687AB1}.Release|Any CPU.ActiveCfg = Release|Any CPU
		{702F35D8-922C-447F-B6E0-D731AC687AB1}.Release|Any CPU.Build.0 = Release|Any CPU
		{36E26338-CC25-4460-A8FA-59A1EB7E0385}.Debug|Any CPU.ActiveCfg = Debug|Any CPU
		{36E26338-CC25-4460-A8FA-59A1EB7E0385}.Debug|Any CPU.Build.0 = Debug|Any CPU
		{36E26338-CC25-4460-A8FA-59A1EB7E0385}.Release|Any CPU.ActiveCfg = Release|Any CPU
		{36E26338-CC25-4460-A8FA-59A1EB7E0385}.Release|Any CPU.Build.0 = Release|Any CPU
		{11F54BBB-948A-4826-BFD0-492A87AB625F}.Debug|Any CPU.ActiveCfg = Debug|Any CPU
		{11F54BBB-948A-4826-BFD0-492A87AB625F}.Debug|Any CPU.Build.0 = Debug|Any CPU
		{11F54BBB-948A-4826-BFD0-492A87AB625F}.Release|Any CPU.ActiveCfg = Release|Any CPU
		{11F54BBB-948A-4826-BFD0-492A87AB625F}.Release|Any CPU.Build.0 = Release|Any CPU
	EndGlobalSection
	GlobalSection(SolutionProperties) = preSolution
		HideSolutionNode = FALSE
	EndGlobalSection
	GlobalSection(ExtensibilityGlobals) = postSolution
		SolutionGuid = {ADCBFC58-612E-46DB-AC21-081157F2930D}
	EndGlobalSection
EndGlobal
